
Microsoft Visual Studio Solution File, Format Version 12.00
# Visual Studio Version 17
VisualStudioVersion = 17.11.35219.272
MinimumVisualStudioVersion = 10.0.40219.1
Project("{2150E333-8FDC-42A3-9474-1A3956D46DE8}") = "Services", "Services", "{61E6C60C-263E-4884-8B69-A3340A3FC7F6}"
EndProject
Project("{2150E333-8FDC-42A3-9474-1A3956D46DE8}") = "Catalog", "Catalog", "{F310991E-F2E5-474B-A918-5EC95E138AEB}"
EndProject
Project("{9A19103F-16F7-4668-BE54-9A1E7A4F7556}") = "Catalog.API", "Services\Catalog\Catalog.API\Catalog.API.csproj", "{A9DDE26C-5518-428C-B232-CD4DEA1F0E31}"
EndProject
Project("{2150E333-8FDC-42A3-9474-1A3956D46DE8}") = "BuildingBlocks", "BuildingBlocks", "{55E6A9E0-7AF3-4A12-925F-E75334D4D7BC}"
EndProject
Project("{9A19103F-16F7-4668-BE54-9A1E7A4F7556}") = "BuildingBlocks", "BuildingBlocks\BuildingBlocks\BuildingBlocks.csproj", "{E9AC2335-6A17-40B1-8AE1-FED92018836C}"
EndProject
Project("{E53339B2-1760-4266-BCC7-CA923CBCF16C}") = "docker-compose", "docker-compose.dcproj", "{419DAC9D-7A5C-42A5-A126-074A06237646}"
EndProject
Project("{2150E333-8FDC-42A3-9474-1A3956D46DE8}") = "Basket", "Basket", "{EE0378DE-CD3B-4F33-8CC7-499F0AC27470}"
EndProject
Project("{9A19103F-16F7-4668-BE54-9A1E7A4F7556}") = "Basket.API", "Services\Basket\Basket.API\Basket.API.csproj", "{7D76D34C-0324-4D86-B091-258DAB4C6782}"
EndProject
Project("{2150E333-8FDC-42A3-9474-1A3956D46DE8}") = "Discount", "Discount", "{F5EE12AD-10D6-4E95-A4EE-FCB586528247}"
EndProject
Project("{9A19103F-16F7-4668-BE54-9A1E7A4F7556}") = "Discount.Grpc", "Services\Discount\Discount.Grpc\Discount.Grpc.csproj", "{944206A5-3255-409A-9662-9814739F5029}"
EndProject
Project("{2150E333-8FDC-42A3-9474-1A3956D46DE8}") = "Ordering", "Ordering", "{CF8E70EF-3B12-4FB7-ABB4-01F8B5DDF182}"
EndProject
Project("{9A19103F-16F7-4668-BE54-9A1E7A4F7556}") = "Ordering.API", "Services\Ordering\Ordering.API\Ordering.API.csproj", "{881F77F2-0F59-4504-BA52-23F85C88D231}"
EndProject
Project("{FAE04EC0-301F-11D3-BF4B-00C04F79EFBC}") = "Ordering.Domain", "Services\Ordering\Ordering.Domain\Ordering.Domain.csproj", "{35A9870D-719F-4892-9C0C-70C296676021}"
EndProject
Project("{FAE04EC0-301F-11D3-BF4B-00C04F79EFBC}") = "Ordering.Application", "Services\Ordering\Ordering.Application\Ordering.Application.csproj", "{2F5127CC-7BC8-4CA2-A67D-324306FF0C27}"
EndProject
Project("{FAE04EC0-301F-11D3-BF4B-00C04F79EFBC}") = "Ordering.Infrastructure", "Services\Ordering\Ordering.Infrastructure\Ordering.Infrastructure.csproj", "{08B9A740-DCF6-49EC-9741-426657AD7F50}"
EndProject
Global
	GlobalSection(SolutionConfigurationPlatforms) = preSolution
		Debug|Any CPU = Debug|Any CPU
		Release|Any CPU = Release|Any CPU
	EndGlobalSection
	GlobalSection(ProjectConfigurationPlatforms) = postSolution
		{A9DDE26C-5518-428C-B232-CD4DEA1F0E31}.Debug|Any CPU.ActiveCfg = Debug|Any CPU
		{A9DDE26C-5518-428C-B232-CD4DEA1F0E31}.Debug|Any CPU.Build.0 = Debug|Any CPU
		{A9DDE26C-5518-428C-B232-CD4DEA1F0E31}.Release|Any CPU.ActiveCfg = Release|Any CPU
		{A9DDE26C-5518-428C-B232-CD4DEA1F0E31}.Release|Any CPU.Build.0 = Release|Any CPU
		{E9AC2335-6A17-40B1-8AE1-FED92018836C}.Debug|Any CPU.ActiveCfg = Debug|Any CPU
		{E9AC2335-6A17-40B1-8AE1-FED92018836C}.Debug|Any CPU.Build.0 = Debug|Any CPU
		{E9AC2335-6A17-40B1-8AE1-FED92018836C}.Release|Any CPU.ActiveCfg = Release|Any CPU
		{E9AC2335-6A17-40B1-8AE1-FED92018836C}.Release|Any CPU.Build.0 = Release|Any CPU
		{419DAC9D-7A5C-42A5-A126-074A06237646}.Debug|Any CPU.ActiveCfg = Debug|Any CPU
		{419DAC9D-7A5C-42A5-A126-074A06237646}.Debug|Any CPU.Build.0 = Debug|Any CPU
		{419DAC9D-7A5C-42A5-A126-074A06237646}.Release|Any CPU.ActiveCfg = Release|Any CPU
		{419DAC9D-7A5C-42A5-A126-074A06237646}.Release|Any CPU.Build.0 = Release|Any CPU
		{7D76D34C-0324-4D86-B091-258DAB4C6782}.Debug|Any CPU.ActiveCfg = Debug|Any CPU
		{7D76D34C-0324-4D86-B091-258DAB4C6782}.Debug|Any CPU.Build.0 = Debug|Any CPU
		{7D76D34C-0324-4D86-B091-258DAB4C6782}.Release|Any CPU.ActiveCfg = Release|Any CPU
		{7D76D34C-0324-4D86-B091-258DAB4C6782}.Release|Any CPU.Build.0 = Release|Any CPU
		{944206A5-3255-409A-9662-9814739F5029}.Debug|Any CPU.ActiveCfg = Debug|Any CPU
		{944206A5-3255-409A-9662-9814739F5029}.Debug|Any CPU.Build.0 = Debug|Any CPU
		{944206A5-3255-409A-9662-9814739F5029}.Release|Any CPU.ActiveCfg = Release|Any CPU
		{944206A5-3255-409A-9662-9814739F5029}.Release|Any CPU.Build.0 = Release|Any CPU
		{881F77F2-0F59-4504-BA52-23F85C88D231}.Debug|Any CPU.ActiveCfg = Debug|Any CPU
		{881F77F2-0F59-4504-BA52-23F85C88D231}.Debug|Any CPU.Build.0 = Debug|Any CPU
		{881F77F2-0F59-4504-BA52-23F85C88D231}.Release|Any CPU.ActiveCfg = Release|Any CPU
		{881F77F2-0F59-4504-BA52-23F85C88D231}.Release|Any CPU.Build.0 = Release|Any CPU
		{35A9870D-719F-4892-9C0C-70C296676021}.Debug|Any CPU.ActiveCfg = Debug|Any CPU
		{35A9870D-719F-4892-9C0C-70C296676021}.Debug|Any CPU.Build.0 = Debug|Any CPU
		{35A9870D-719F-4892-9C0C-70C296676021}.Release|Any CPU.ActiveCfg = Release|Any CPU
		{35A9870D-719F-4892-9C0C-70C296676021}.Release|Any CPU.Build.0 = Release|Any CPU
		{2F5127CC-7BC8-4CA2-A67D-324306FF0C27}.Debug|Any CPU.ActiveCfg = Debug|Any CPU
		{2F5127CC-7BC8-4CA2-A67D-324306FF0C27}.Debug|Any CPU.Build.0 = Debug|Any CPU
		{2F5127CC-7BC8-4CA2-A67D-324306FF0C27}.Release|Any CPU.ActiveCfg = Release|Any CPU
		{2F5127CC-7BC8-4CA2-A67D-324306FF0C27}.Release|Any CPU.Build.0 = Release|Any CPU
		{08B9A740-DCF6-49EC-9741-426657AD7F50}.Debug|Any CPU.ActiveCfg = Debug|Any CPU
		{08B9A740-DCF6-49EC-9741-426657AD7F50}.Debug|Any CPU.Build.0 = Debug|Any CPU
		{08B9A740-DCF6-49EC-9741-426657AD7F50}.Release|Any CPU.ActiveCfg = Release|Any CPU
		{08B9A740-DCF6-49EC-9741-426657AD7F50}.Release|Any CPU.Build.0 = Release|Any CPU
	EndGlobalSection
	GlobalSection(SolutionProperties) = preSolution
		HideSolutionNode = FALSE
	EndGlobalSection
	GlobalSection(NestedProjects) = preSolution
		{F310991E-F2E5-474B-A918-5EC95E138AEB} = {61E6C60C-263E-4884-8B69-A3340A3FC7F6}
		{A9DDE26C-5518-428C-B232-CD4DEA1F0E31} = {F310991E-F2E5-474B-A918-5EC95E138AEB}
		{E9AC2335-6A17-40B1-8AE1-FED92018836C} = {55E6A9E0-7AF3-4A12-925F-E75334D4D7BC}
		{EE0378DE-CD3B-4F33-8CC7-499F0AC27470} = {61E6C60C-263E-4884-8B69-A3340A3FC7F6}
		{7D76D34C-0324-4D86-B091-258DAB4C6782} = {EE0378DE-CD3B-4F33-8CC7-499F0AC27470}
		{F5EE12AD-10D6-4E95-A4EE-FCB586528247} = {61E6C60C-263E-4884-8B69-A3340A3FC7F6}
		{944206A5-3255-409A-9662-9814739F5029} = {F5EE12AD-10D6-4E95-A4EE-FCB586528247}
		{CF8E70EF-3B12-4FB7-ABB4-01F8B5DDF182} = {61E6C60C-263E-4884-8B69-A3340A3FC7F6}
		{881F77F2-0F59-4504-BA52-23F85C88D231} = {CF8E70EF-3B12-4FB7-ABB4-01F8B5DDF182}
		{35A9870D-719F-4892-9C0C-70C296676021} = {CF8E70EF-3B12-4FB7-ABB4-01F8B5DDF182}
		{2F5127CC-7BC8-4CA2-A67D-324306FF0C27} = {CF8E70EF-3B12-4FB7-ABB4-01F8B5DDF182}
		{08B9A740-DCF6-49EC-9741-426657AD7F50} = {CF8E70EF-3B12-4FB7-ABB4-01F8B5DDF182}
	EndGlobalSection
	GlobalSection(ExtensibilityGlobals) = postSolution
		SolutionGuid = {F75DAB00-1681-4FBB-A09D-DC7F268A2F27}
	EndGlobalSection
EndGlobal
